
Microsoft Visual Studio Solution File, Format Version 12.00
Project("{FAE04EC0-301F-11D3-BF4B-00C04F79EFBC}") = "Bicep.Versioning", "Bicep.Versioning\Bicep.Versioning.csproj", "{B14930A3-34A9-446A-8DA2-3082290B5FE1}"
EndProject
Project("{FAE04EC0-301F-11D3-BF4B-00C04F79EFBC}") = "Bicep.Versioning.Tests", "Bicep.Versioning.Tests\Bicep.Versioning.Tests.csproj", "{3B91BA04-6003-4128-A938-E0FAC6A09753}"
EndProject
Global
	GlobalSection(SolutionConfigurationPlatforms) = preSolution
		Debug|Any CPU = Debug|Any CPU
		Release|Any CPU = Release|Any CPU
	EndGlobalSection
	GlobalSection(ProjectConfigurationPlatforms) = postSolution
		{B14930A3-34A9-446A-8DA2-3082290B5FE1}.Debug|Any CPU.ActiveCfg = Debug|Any CPU
		{B14930A3-34A9-446A-8DA2-3082290B5FE1}.Debug|Any CPU.Build.0 = Debug|Any CPU
		{B14930A3-34A9-446A-8DA2-3082290B5FE1}.Release|Any CPU.ActiveCfg = Release|Any CPU
		{B14930A3-34A9-446A-8DA2-3082290B5FE1}.Release|Any CPU.Build.0 = Release|Any CPU
		{3B91BA04-6003-4128-A938-E0FAC6A09753}.Debug|Any CPU.ActiveCfg = Debug|Any CPU
		{3B91BA04-6003-4128-A938-E0FAC6A09753}.Debug|Any CPU.Build.0 = Debug|Any CPU
		{3B91BA04-6003-4128-A938-E0FAC6A09753}.Release|Any CPU.ActiveCfg = Release|Any CPU
		{3B91BA04-6003-4128-A938-E0FAC6A09753}.Release|Any CPU.Build.0 = Release|Any CPU
	EndGlobalSection
	GlobalSection(NestedProjects) = preSolution
	EndGlobalSection
EndGlobal
